{
  "version": 4,
  "terraform_version": "1.1.4",
  "serial": 3,
  "lineage": "3da22686-ab3b-2b3f-9f5b-ac504ea8e9ff",
  "outputs": {},
  "resources": [
    {
      "mode": "managed",
      "type": "aws_vpc",
      "name": "this",
      "provider": "provider[\"registry.terraform.io/hashicorp/aws\"]",
      "instances": [
        {
          "schema_version": 1,
          "attributes": {
            "arn": "arn:aws:ec2:ap-south-1:867853118615:vpc/vpc-00432efe198636f9d",
            "assign_generated_ipv6_cidr_block": false,
            "cidr_block": "10.0.0.0/16",
            "default_network_acl_id": "acl-04b79fa04bfdbbd41",
            "default_route_table_id": "rtb-03144505978cab00f",
            "default_security_group_id": "sg-0bcbb571d4c9b67fb",
            "dhcp_options_id": "dopt-0a40d6159ce03f452",
            "enable_classiclink": false,
            "enable_classiclink_dns_support": false,
            "enable_dns_hostnames": true,
            "enable_dns_support": true,
            "id": "vpc-00432efe198636f9d",
            "instance_tenancy": "default",
            "ipv4_ipam_pool_id": null,
            "ipv4_netmask_length": null,
            "ipv6_association_id": "",
            "ipv6_cidr_block": "",
            "ipv6_cidr_block_network_border_group": "",
            "ipv6_ipam_pool_id": "",
            "ipv6_netmask_length": 0,
            "main_route_table_id": "rtb-03144505978cab00f",
            "owner_id": "867853118615",
            "tags": {
              "CreatedBy": "sagar Borse",
              "Env": "Dev",
              "Name": "dev-vpc-tf"
            },
            "tags_all": {
              "CreatedBy": "sagar Borse",
              "Env": "Dev",
              "Name": "dev-vpc-tf"
            }
          },
          "sensitive_attributes": [],
          "private": "eyJzY2hlbWFfdmVyc2lvbiI6IjEifQ=="
        }
      ]
    }
  ]
}
